
Microsoft Visual Studio Solution File, Format Version 12.00
# Visual Studio Version 17
VisualStudioVersion = 17.8.34511.84
MinimumVisualStudioVersion = 10.0.40219.1
Project("{FAE04EC0-301F-11D3-BF4B-00C04F79EFBC}") = "TestApi", "TestApi\TestApi.csproj", "{918A46F2-78A2-4EA3-BDE1-3582D749A241}"
EndProject
Global
	GlobalSection(SolutionConfigurationPlatforms) = preSolution
		Debug|Any CPU = Debug|Any CPU
		Release|Any CPU = Release|Any CPU
	EndGlobalSection
	GlobalSection(ProjectConfigurationPlatforms) = postSolution
		{918A46F2-78A2-4EA3-BDE1-3582D749A241}.Debug|Any CPU.ActiveCfg = Debug|Any CPU
		{918A46F2-78A2-4EA3-BDE1-3582D749A241}.Debug|Any CPU.Build.0 = Debug|Any CPU
		{918A46F2-78A2-4EA3-BDE1-3582D749A241}.Release|Any CPU.ActiveCfg = Release|Any CPU
		{918A46F2-78A2-4EA3-BDE1-3582D749A241}.Release|Any CPU.Build.0 = Release|Any CPU
	EndGlobalSection
	GlobalSection(SolutionProperties) = preSolution
		HideSolutionNode = FALSE
	EndGlobalSection
	GlobalSection(ExtensibilityGlobals) = postSolution
		SolutionGuid = {FD7E7C07-A03D-4122-980A-275C1C34A96F}
	EndGlobalSection
EndGlobal
